
Microsoft Visual Studio Solution File, Format Version 12.00
# Visual Studio 2013
VisualStudioVersion = 12.0.21005.1
MinimumVisualStudioVersion = 10.0.40219.1
Project("{FAE04EC0-301F-11D3-BF4B-00C04F79EFBC}") = "JTLPortal", "JTLPortal\JTLPortal.csproj", "{467F579B-CE45-48C6-A05A-5FC5A964D31A}"
EndProject
Global
	GlobalSection(SolutionConfigurationPlatforms) = preSolution
		Debug|Any CPU = Debug|Any CPU
		Release|Any CPU = Release|Any CPU
	EndGlobalSection
	GlobalSection(ProjectConfigurationPlatforms) = postSolution
		{467F579B-CE45-48C6-A05A-5FC5A964D31A}.Debug|Any CPU.ActiveCfg = Debug|Any CPU
		{467F579B-CE45-48C6-A05A-5FC5A964D31A}.Debug|Any CPU.Build.0 = Debug|Any CPU
		{467F579B-CE45-48C6-A05A-5FC5A964D31A}.Release|Any CPU.ActiveCfg = Release|Any CPU
		{467F579B-CE45-48C6-A05A-5FC5A964D31A}.Release|Any CPU.Build.0 = Release|Any CPU
	EndGlobalSection
	GlobalSection(SolutionProperties) = preSolution
		HideSolutionNode = FALSE
	EndGlobalSection
EndGlobal
